
Microsoft Visual Studio Solution File, Format Version 12.00
# Visual Studio Version 17
VisualStudioVersion = 17.9.34622.214
MinimumVisualStudioVersion = 10.0.40219.1
Project("{FAE04EC0-301F-11D3-BF4B-00C04F79EFBC}") = "Sayi_Bulma", "Sayi_Bulma.csproj", "{23176D09-7663-4FD4-9196-7E82E6BCE7D4}"
EndProject
Global
	GlobalSection(SolutionConfigurationPlatforms) = preSolution
		Debug|Any CPU = Debug|Any CPU
		Release|Any CPU = Release|Any CPU
	EndGlobalSection
	GlobalSection(ProjectConfigurationPlatforms) = postSolution
		{23176D09-7663-4FD4-9196-7E82E6BCE7D4}.Debug|Any CPU.ActiveCfg = Debug|Any CPU
		{23176D09-7663-4FD4-9196-7E82E6BCE7D4}.Debug|Any CPU.Build.0 = Debug|Any CPU
		{23176D09-7663-4FD4-9196-7E82E6BCE7D4}.Release|Any CPU.ActiveCfg = Release|Any CPU
		{23176D09-7663-4FD4-9196-7E82E6BCE7D4}.Release|Any CPU.Build.0 = Release|Any CPU
	EndGlobalSection
	GlobalSection(SolutionProperties) = preSolution
		HideSolutionNode = FALSE
	EndGlobalSection
	GlobalSection(ExtensibilityGlobals) = postSolution
		SolutionGuid = {C45978DF-B12C-44EC-8C0B-DD9D2001C8F2}
	EndGlobalSection
EndGlobal
